
Microsoft Visual Studio Solution File, Format Version 12.00
# Visual Studio Version 16
VisualStudioVersion = 16.0.31019.35
MinimumVisualStudioVersion = 10.0.40219.1
Project("{FAE04EC0-301F-11D3-BF4B-00C04F79EFBC}") = "BitkaProtiDrakovi", "BitkaProtiDrakovi\BitkaProtiDrakovi.csproj", "{555A6B92-E588-440C-A707-0ADC2E76C334}"
EndProject
Global
	GlobalSection(SolutionConfigurationPlatforms) = preSolution
		Debug|Any CPU = Debug|Any CPU
		Release|Any CPU = Release|Any CPU
	EndGlobalSection
	GlobalSection(ProjectConfigurationPlatforms) = postSolution
		{555A6B92-E588-440C-A707-0ADC2E76C334}.Debug|Any CPU.ActiveCfg = Debug|Any CPU
		{555A6B92-E588-440C-A707-0ADC2E76C334}.Debug|Any CPU.Build.0 = Debug|Any CPU
		{555A6B92-E588-440C-A707-0ADC2E76C334}.Release|Any CPU.ActiveCfg = Release|Any CPU
		{555A6B92-E588-440C-A707-0ADC2E76C334}.Release|Any CPU.Build.0 = Release|Any CPU
	EndGlobalSection
	GlobalSection(SolutionProperties) = preSolution
		HideSolutionNode = FALSE
	EndGlobalSection
	GlobalSection(ExtensibilityGlobals) = postSolution
		SolutionGuid = {BDF4FB35-E736-4E4C-9ED7-471EE849B69C}
	EndGlobalSection
EndGlobal
